
Microsoft Visual Studio Solution File, Format Version 12.00
Project("{FAE04EC0-301F-11D3-BF4B-00C04F79EFBC}") = "Extra.CaseConverter", "Extra.CaseConverter\Extra.CaseConverter.csproj", "{CAF92EF3-C76A-4A3E-9EA3-411247E4BCB3}"
EndProject
Global
	GlobalSection(SolutionConfigurationPlatforms) = preSolution
		Debug|Any CPU = Debug|Any CPU
		Release|Any CPU = Release|Any CPU
	EndGlobalSection
	GlobalSection(ProjectConfigurationPlatforms) = postSolution
		{CAF92EF3-C76A-4A3E-9EA3-411247E4BCB3}.Debug|Any CPU.ActiveCfg = Debug|Any CPU
		{CAF92EF3-C76A-4A3E-9EA3-411247E4BCB3}.Debug|Any CPU.Build.0 = Debug|Any CPU
		{CAF92EF3-C76A-4A3E-9EA3-411247E4BCB3}.Release|Any CPU.ActiveCfg = Release|Any CPU
		{CAF92EF3-C76A-4A3E-9EA3-411247E4BCB3}.Release|Any CPU.Build.0 = Release|Any CPU
	EndGlobalSection
EndGlobal
